
Microsoft Visual Studio Solution File, Format Version 12.00
# Visual Studio 2012
Project("{8BC9CEB8-8B4A-11D0-8D11-00A0C91BC942}") = "Regemu32", "Regemu32\Regemu32.vcxproj", "{BDCE210C-72DC-426B-934E-5A45165F1DFA}"
EndProject
Project("{8BC9CEB8-8B4A-11D0-8D11-00A0C91BC942}") = "Patcher", "Patcher\Patcher.vcxproj", "{9E23E934-A9F0-4356-9885-3EF8299A2266}"
EndProject
Global
	GlobalSection(SolutionConfigurationPlatforms) = preSolution
		Debug|Win32 = Debug|Win32
		Release|Win32 = Release|Win32
	EndGlobalSection
	GlobalSection(ProjectConfigurationPlatforms) = postSolution
		{BDCE210C-72DC-426B-934E-5A45165F1DFA}.Debug|Win32.ActiveCfg = Debug|Win32
		{BDCE210C-72DC-426B-934E-5A45165F1DFA}.Debug|Win32.Build.0 = Debug|Win32
		{BDCE210C-72DC-426B-934E-5A45165F1DFA}.Release|Win32.ActiveCfg = Release|Win32
		{BDCE210C-72DC-426B-934E-5A45165F1DFA}.Release|Win32.Build.0 = Release|Win32
		{9E23E934-A9F0-4356-9885-3EF8299A2266}.Debug|Win32.ActiveCfg = Debug|Win32
		{9E23E934-A9F0-4356-9885-3EF8299A2266}.Debug|Win32.Build.0 = Debug|Win32
		{9E23E934-A9F0-4356-9885-3EF8299A2266}.Release|Win32.ActiveCfg = Release|Win32
		{9E23E934-A9F0-4356-9885-3EF8299A2266}.Release|Win32.Build.0 = Release|Win32
	EndGlobalSection
	GlobalSection(SolutionProperties) = preSolution
		HideSolutionNode = FALSE
	EndGlobalSection
EndGlobal
